# THIS IS AN AUTOGENERATED FILE. DO NOT EDIT THIS FILE DIRECTLY.
# yarn lockfile v1


"@cordisjs/core@^3.12.0", "@cordisjs/core@^3.17.0", "@cordisjs/core@^3.17.1", "@cordisjs/core@^3.18.0", "@cordisjs/core@3.18.0":
  version "3.18.0"
  resolved "https://registry.npmmirror.com/@cordisjs/core/-/core-3.18.0.tgz"
  integrity sha512-4n0mW5jNM4vJ/sPmUQSA9yABilv2d/zELX/rU+RAJjZAtHf3toxZm2WAh3AmqibEozYOjyej7i7CzhHooTMYiA==
  dependencies:
    cosmokit "^1.6.2"

"@cordisjs/loader@^0.13.0":
  version "0.13.0"
  resolved "https://registry.npmmirror.com/@cordisjs/loader/-/loader-0.13.0.tgz"
  integrity sha512-GkUeqDvyaoau3H4pjhkQXnYcP2UTX/DAQ8GhRgpKcdSq25scfxktfbA0ICCxgjhvz2P8aA+8R3zlp0DQCBOpPA==
  dependencies:
    cosmokit "^1.6.2"
    dotenv "^16.4.5"
    js-yaml "^4.1.0"

"@cordisjs/logger@^0.3.3":
  version "0.3.3"
  resolved "https://registry.npmmirror.com/@cordisjs/logger/-/logger-0.3.3.tgz"
  integrity sha512-UcyZRXAL86YLAEEta+fxJM1CcDanJvoIMD9ywCyP2AZJuib68UynENGTFo4mYkeg+8WMXrlA/aNNwENMiLUlXA==
  dependencies:
    cosmokit "^1.6.2"
    reggol "^1.7.0"

"@cordisjs/plugin-http@^0.6.0", "@cordisjs/plugin-http@^0.6.1":
  version "0.6.2"
  resolved "https://registry.npmmirror.com/@cordisjs/plugin-http/-/plugin-http-0.6.2.tgz"
  integrity sha512-0SJcoKjJOJK4KIdOPKVUdBQhE4Ke4QqtHu7+dwUR4je+zWiYA+aUWSUySRFiWdBR/1xMIv9+sbx+FshiYAMWEA==
  dependencies:
    cosmokit "^1.6.2"
    file-type "^16.5.4"
    mime-db "^1.52.0"
    ws "^8.16.0"

"@cordisjs/plugin-proxy-agent@^0.3.3":
  version "0.3.3"
  resolved "https://registry.npmmirror.com/@cordisjs/plugin-proxy-agent/-/plugin-proxy-agent-0.3.3.tgz"
  integrity sha512-iOM44+bducWGdfF/eD+dH7Fhi3r5eBZqSNIXvfUjK9z0tZ06oeVk/655nAlNxff31umUXhgmRQ14KwG+ylggcQ==
  dependencies:
    http-proxy-agent "^7.0.2"
    https-proxy-agent "^7.0.4"
    socks "^2.8.1"
    socks-proxy-agent "^8.0.2"
    undici "^6.10.1"

"@cordisjs/plugin-server@^0.2.3":
  version "0.2.3"
  resolved "https://registry.npmmirror.com/@cordisjs/plugin-server/-/plugin-server-0.2.3.tgz"
  integrity sha512-9JD279c/kLb4KbOUQEPPYQn8vg4Nt4tI5CLsXSTkgjlBo71CQ0wnuBwzrrFiDV6d8YGGwD0IBwKYELKBX8wR9A==
  dependencies:
    "@koa/router" "^10.1.1"
    "@types/koa" "*"
    "@types/koa__router" "*"
    "@types/ws" "^8.5.10"
    cosmokit "^1.6.2"
    koa "^2.15.2"
    koa-body "^6.0.1"
    parseurl "^1.3.3"
    path-to-regexp "^6.2.1"
    reggol "^1.6.3"
    schemastery "^3.14.6"
    ws "^8.16.0"

"@cordisjs/schema@^0.1.1":
  version "0.1.1"
  resolved "https://registry.npmmirror.com/@cordisjs/schema/-/schema-0.1.1.tgz"
  integrity sha512-AYTSyEXEASO6uVHqXBHIId+8OGFs0idtFoj3q7qee9J7OGcMjVEUsrsdiP9SnmzTR4ea17esShledUC50fco1g==
  dependencies:
    cosmokit "^1.6.2"
    schemastery "^3.14.6"

"@cordisjs/timer@^0.3.2":
  version "0.3.2"
  resolved "https://registry.npmmirror.com/@cordisjs/timer/-/timer-0.3.2.tgz"
  integrity sha512-frdIvc+1AqKVHMWnNacqqZ2Cm52FfoYKPpBQ+kZgr/cFs7HXDKqetL35CLy/EZAF22l/6VTvpQOYUwS6tvVJZA==
  dependencies:
    cosmokit "^1.5.2"

"@hapi/bourne@^3.0.0":
  version "3.0.0"
  resolved "https://registry.npmmirror.com/@hapi/bourne/-/bourne-3.0.0.tgz"
  integrity sha512-Waj1cwPXJDucOib4a3bAISsKJVb15MKi9IvmTI/7ssVEm6sywXGjVJDhl6/umt1pK1ZS7PacXU3A1PmFKHEZ2w==

"@img/sharp-win32-x64@0.33.5":
  version "0.33.5"
  resolved "https://registry.npmjs.org/@img/sharp-win32-x64/-/sharp-win32-x64-0.33.5.tgz"
  integrity sha512-MpY/o8/8kj+EcnxwvrP4aTJSWw/aZ7JIGR4aBeZkZw5B7/Jn+tY9/VNwtcoGmdT7GfggGIU4kygOMSbYnOrAbg==

"@koa/router@^10.1.1":
  version "10.1.1"
  resolved "https://registry.npmmirror.com/@koa/router/-/router-10.1.1.tgz"
  integrity sha512-ORNjq5z4EmQPriKbR0ER3k4Gh7YGNhWDL7JBW+8wXDrHLbWYKYSJaOJ9aN06npF5tbTxe2JBOsurpJDAvjiXKw==
  dependencies:
    debug "^4.1.1"
    http-errors "^1.7.3"
    koa-compose "^4.1.0"
    methods "^1.1.2"
    path-to-regexp "^6.1.0"

"@koishijs/core@4.17.12":
  version "4.17.12"
  resolved "https://registry.npmmirror.com/@koishijs/core/-/core-4.17.12.tgz"
  integrity sha512-MuYxc8jPx4smLTRZEl4uh70ZzwB9xEQt710NX9wxW8W23C2A4F121cWs/7e4QhCB/AJpfiPsrhPlO5iEjF/3mg==
  dependencies:
    "@koishijs/i18n-utils" "^1.0.1"
    "@koishijs/utils" "^7.2.1"
    "@satorijs/core" "^4.2.1"
    cordis "^3.18.0"
    cosmokit "^1.6.2"
    fastest-levenshtein "^1.0.16"
    minato "^3.5.0"

"@koishijs/i18n-utils@^1.0.1":
  version "1.0.1"
  resolved "https://registry.npmmirror.com/@koishijs/i18n-utils/-/i18n-utils-1.0.1.tgz"
  integrity sha512-N58UAnhMMtqS4+VGW5IwJ6U9xwXZpzrcPaJrdEBzUJ4yBKKrkHfG1ck9tvQ99SnzxhZGGcBa/SKWnHQf/omrvg==
  dependencies:
    cosmokit "^1.5.2"

"@koishijs/loader@4.5.12":
  version "4.5.12"
  resolved "https://registry.npmmirror.com/@koishijs/loader/-/loader-4.5.12.tgz"
  integrity sha512-RivZN6+fstSOjpD/IoB+VRURaK7Ix4XDCePYA/4cfJV2kCUfJIGJaaCTPIhcvEVURRyFS9a6lthoqiewzuxeow==
  dependencies:
    dotenv "^16.4.5"
    js-yaml "^4.1.0"
    ns-require "^1.1.4"

"@koishijs/plugin-http@^0.6.1":
  version "0.6.1"
  resolved "https://registry.npmmirror.com/@koishijs/plugin-http/-/plugin-http-0.6.1.tgz"
  integrity sha512-xc+/oy8VcoW7WF80Ry56n2ho6j//fUH1qp7gIACYrtKs1oU78ctpvnVXHj4DWV3We8GPkOs33zudNuR9s7rfhQ==
  dependencies:
    "@cordisjs/plugin-http" "^0.6.1"

"@koishijs/plugin-proxy-agent@^0.3.3":
  version "0.3.3"
  resolved "https://registry.npmmirror.com/@koishijs/plugin-proxy-agent/-/plugin-proxy-agent-0.3.3.tgz"
  integrity sha512-pOpsHNVn3RVpPwdQjHNBRFsuq02sAS5NRVSuWWSHBPwIQ+QWu5232Au9RVH/DHBvx6XLWOm+WePMo4gRaxsVgg==
  dependencies:
    "@cordisjs/plugin-proxy-agent" "^0.3.3"

"@koishijs/plugin-server@^3.2.3":
  version "3.2.3"
  resolved "https://registry.npmmirror.com/@koishijs/plugin-server/-/plugin-server-3.2.3.tgz"
  integrity sha512-mvU+yKfp0orrI76e79um+b0eF0DO4EpoyYqOqED2PyYiZ9MIVjtDzbE7wWSIYMJ+iiLsUgf4rr/t4yYQ1r16MA==
  dependencies:
    "@cordisjs/plugin-server" "^0.2.3"

"@koishijs/utils@^7.2.1":
  version "7.2.1"
  resolved "https://registry.npmmirror.com/@koishijs/utils/-/utils-7.2.1.tgz"
  integrity sha512-c9pqz5zX6M6Lky3F3zIzltm3ogebv03RNZH17bfycjH9wPx9oGt4D6YUgVxKdRKVmDfMfp3X2dC2/Wf5c/WTnA==
  dependencies:
    cosmokit "^1.6.2"
    inaba "^1.1.1"

"@satorijs/core@^4.2.1":
  version "4.2.6"
  resolved "https://registry.npmmirror.com/@satorijs/core/-/core-4.2.6.tgz"
  integrity sha512-9yzM/0kY4uThJMhgZImUgenuzixzBtiOy6Rite4zLxjyBZF9yb0vPnyl/Js0AwG5jfRCIF2w2BHOuv7wtPu5AQ==
  dependencies:
    "@cordisjs/plugin-http" "^0.6.1"
    "@satorijs/element" "^3.1.7"
    "@satorijs/protocol" "^1.4.2"
    cordis "^3.18.0"
    cosmokit "^1.6.2"

"@satorijs/element@^3.1.7":
  version "3.1.7"
  resolved "https://registry.npmmirror.com/@satorijs/element/-/element-3.1.7.tgz"
  integrity sha512-ZP8tRVuOGNRlIBXKn40przG4FAouTaMt8O3UZ9j0eueS4y7IWxCL08W6BBsPq+0sExeYtGYyBRNt4L9gBx0Q4A==
  dependencies:
    cosmokit "^1.6.2"

"@satorijs/protocol@^1.4.2":
  version "1.4.2"
  resolved "https://registry.npmmirror.com/@satorijs/protocol/-/protocol-1.4.2.tgz"
  integrity sha512-02YnG2aK0VB0E/PCm60lPH5Wn8j66qPDM9gLKkNldz538rlCh6SRrt8M38RFH0CRus6vHFLXhbCKnC23TtW5yQ==
  dependencies:
    "@satorijs/element" "^3.1.7"
    cosmokit "^1.6.2"

"@tokenizer/token@^0.3.0":
  version "0.3.0"
  resolved "https://registry.npmmirror.com/@tokenizer/token/-/token-0.3.0.tgz"
  integrity sha512-OvjF+z51L3ov0OyAU0duzsYuvO01PH7x4t6DJx+guahgTnBHkhJdG7soQeTSFLWN3efnHyibZ4Z8l2EuWwJN3A==

"@types/accepts@*":
  version "1.3.7"
  resolved "https://registry.npmmirror.com/@types/accepts/-/accepts-1.3.7.tgz"
  integrity sha512-Pay9fq2lM2wXPWbteBsRAGiWH2hig4ZE2asK+mm7kUzlxRTfL961rj89I6zV/E3PcIkDqyuBEcMxFT7rccugeQ==
  dependencies:
    "@types/node" "*"

"@types/body-parser@*":
  version "1.19.5"
  resolved "https://registry.npmmirror.com/@types/body-parser/-/body-parser-1.19.5.tgz"
  integrity sha512-fB3Zu92ucau0iQ0JMCFQE7b/dv8Ot07NI3KaZIkIUNXq82k4eBAqUaneXfleGY9JWskeS9y+u0nXMyspcuQrCg==
  dependencies:
    "@types/connect" "*"
    "@types/node" "*"

"@types/co-body@^6.1.0":
  version "6.1.3"
  resolved "https://registry.npmmirror.com/@types/co-body/-/co-body-6.1.3.tgz"
  integrity sha512-UhuhrQ5hclX6UJctv5m4Rfp52AfG9o9+d9/HwjxhVB5NjXxr5t9oKgJxN8xRHgr35oo8meUEHUPFWiKg6y71aA==
  dependencies:
    "@types/node" "*"
    "@types/qs" "*"

"@types/connect@*":
  version "3.4.38"
  resolved "https://registry.npmmirror.com/@types/connect/-/connect-3.4.38.tgz"
  integrity sha512-K6uROf1LD88uDQqJCktA4yzL1YYAK6NgfsI0v/mTgyPKWsX1CnJ0XPSDhViejru1GcRkLWb8RlzFYJRqGUbaug==
  dependencies:
    "@types/node" "*"

"@types/content-disposition@*":
  version "0.5.8"
  resolved "https://registry.npmmirror.com/@types/content-disposition/-/content-disposition-0.5.8.tgz"
  integrity sha512-QVSSvno3dE0MgO76pJhmv4Qyi/j0Yk9pBp0Y7TJ2Tlj+KCgJWY6qX7nnxCOLkZ3VYRSIk1WTxCvwUSdx6CCLdg==

"@types/cookies@*":
  version "0.9.0"
  resolved "https://registry.npmmirror.com/@types/cookies/-/cookies-0.9.0.tgz"
  integrity sha512-40Zk8qR147RABiQ7NQnBzWzDcjKzNrntB5BAmeGCb2p/MIyOE+4BVvc17wumsUqUw00bJYqoXFHYygQnEFh4/Q==
  dependencies:
    "@types/connect" "*"
    "@types/express" "*"
    "@types/keygrip" "*"
    "@types/node" "*"

"@types/express-serve-static-core@^4.17.33":
  version "4.19.5"
  resolved "https://registry.npmmirror.com/@types/express-serve-static-core/-/express-serve-static-core-4.19.5.tgz"
  integrity sha512-y6W03tvrACO72aijJ5uF02FRq5cgDR9lUxddQ8vyF+GvmjJQqbzDcJngEjURc+ZsG31VI3hODNZJ2URj86pzmg==
  dependencies:
    "@types/node" "*"
    "@types/qs" "*"
    "@types/range-parser" "*"
    "@types/send" "*"

"@types/express@*":
  version "4.17.21"
  resolved "https://registry.npmmirror.com/@types/express/-/express-4.17.21.tgz"
  integrity sha512-ejlPM315qwLpaQlQDTjPdsUFSc6ZsP4AN6AlWnogPjQ7CVi7PYF3YVz+CY3jE2pwYf7E/7HlDAN0rV2GxTG0HQ==
  dependencies:
    "@types/body-parser" "*"
    "@types/express-serve-static-core" "^4.17.33"
    "@types/qs" "*"
    "@types/serve-static" "*"

"@types/formidable@^2.0.5":
  version "2.0.6"
  resolved "https://registry.npmmirror.com/@types/formidable/-/formidable-2.0.6.tgz"
  integrity sha512-L4HcrA05IgQyNYJj6kItuIkXrInJvsXTPC5B1i64FggWKKqSL+4hgt7asiSNva75AoLQjq29oPxFfU4GAQ6Z2w==
  dependencies:
    "@types/node" "*"

"@types/http-assert@*":
  version "1.5.5"
  resolved "https://registry.npmmirror.com/@types/http-assert/-/http-assert-1.5.5.tgz"
  integrity sha512-4+tE/lwdAahgZT1g30Jkdm9PzFRde0xwxBNUyRsCitRvCQB90iuA2uJYdUnhnANRcqGXaWOGY4FEoxeElNAK2g==

"@types/http-errors@*":
  version "2.0.4"
  resolved "https://registry.npmmirror.com/@types/http-errors/-/http-errors-2.0.4.tgz"
  integrity sha512-D0CFMMtydbJAegzOyHjtiKPLlvnm3iTZyZRSZoLq2mRhDdmLfIWOCYPfQJ4cu2erKghU++QvjcUjp/5h7hESpA==

"@types/keygrip@*":
  version "1.0.6"
  resolved "https://registry.npmmirror.com/@types/keygrip/-/keygrip-1.0.6.tgz"
  integrity sha512-lZuNAY9xeJt7Bx4t4dx0rYCDqGPW8RXhQZK1td7d4H6E9zYbLoOtjBvfwdTKpsyxQI/2jv+armjX/RW+ZNpXOQ==

"@types/koa__router@*":
  version "12.0.4"
  resolved "https://registry.npmmirror.com/@types/koa__router/-/koa__router-12.0.4.tgz"
  integrity sha512-Y7YBbSmfXZpa/m5UGGzb7XadJIRBRnwNY9cdAojZGp65Cpe5MAP3mOZE7e3bImt8dfKS4UFcR16SLH8L/z7PBw==
  dependencies:
    "@types/koa" "*"

"@types/koa-compose@*":
  version "3.2.8"
  resolved "https://registry.npmmirror.com/@types/koa-compose/-/koa-compose-3.2.8.tgz"
  integrity sha512-4Olc63RY+MKvxMwVknCUDhRQX1pFQoBZ/lXcRLP69PQkEpze/0cr8LNqJQe5NFb/b19DWi2a5bTi2VAlQzhJuA==
  dependencies:
    "@types/koa" "*"

"@types/koa@*", "@types/koa@^2.13.5":
  version "2.15.0"
  resolved "https://registry.npmmirror.com/@types/koa/-/koa-2.15.0.tgz"
  integrity sha512-7QFsywoE5URbuVnG3loe03QXuGajrnotr3gQkXcEBShORai23MePfFYdhz90FEtBBpkyIYQbVD+evKtloCgX3g==
  dependencies:
    "@types/accepts" "*"
    "@types/content-disposition" "*"
    "@types/cookies" "*"
    "@types/http-assert" "*"
    "@types/http-errors" "*"
    "@types/keygrip" "*"
    "@types/koa-compose" "*"
    "@types/node" "*"

"@types/mime@^1":
  version "1.3.5"
  resolved "https://registry.npmmirror.com/@types/mime/-/mime-1.3.5.tgz"
  integrity sha512-/pyBZWSLD2n0dcHE3hq8s8ZvcETHtEuF+3E7XVt0Ig2nvsVQXdghHVcEkIWjy9A0wKfTn97a/PSDYohKIlnP/w==

"@types/node@*":
  version "22.5.0"
  resolved "https://registry.npmmirror.com/@types/node/-/node-22.5.0.tgz"
  integrity sha512-DkFrJOe+rfdHTqqMg0bSNlGlQ85hSoh2TPzZyhHsXnMtligRWpxUySiyw8FY14ITt24HVCiQPWxS3KO/QlGmWg==
  dependencies:
    undici-types "~6.19.2"

"@types/qs@*":
  version "6.9.15"
  resolved "https://registry.npmmirror.com/@types/qs/-/qs-6.9.15.tgz"
  integrity sha512-uXHQKES6DQKKCLh441Xv/dwxOq1TVS3JPUMlEqoEglvlhR6Mxnlew/Xq/LRVHpLyk7iK3zODe1qYHIMltO7XGg==

"@types/range-parser@*":
  version "1.2.7"
  resolved "https://registry.npmmirror.com/@types/range-parser/-/range-parser-1.2.7.tgz"
  integrity sha512-hKormJbkJqzQGhziax5PItDUTMAM9uE2XXQmM37dyd4hVM+5aVl7oVxMVUiVQn2oCQFN/LKCZdvSM0pFRqbSmQ==

"@types/send@*":
  version "0.17.4"
  resolved "https://registry.npmmirror.com/@types/send/-/send-0.17.4.tgz"
  integrity sha512-x2EM6TJOybec7c52BX0ZspPodMsQUd5L6PRwOunVyVUhXiBSKf3AezDL8Dgvgt5o0UfKNfuA0eMLr2wLT4AiBA==
  dependencies:
    "@types/mime" "^1"
    "@types/node" "*"

"@types/serve-static@*":
  version "1.15.7"
  resolved "https://registry.npmmirror.com/@types/serve-static/-/serve-static-1.15.7.tgz"
  integrity sha512-W8Ym+h8nhuRwaKPaDw34QUkwsGi6Rc4yYqvKFo5rm2FUEhCFbzVWrxXUxuKK8TASjWsysJY0nsmNCGhCOIsrOw==
  dependencies:
    "@types/http-errors" "*"
    "@types/node" "*"
    "@types/send" "*"

"@types/ws@^8.5.10":
  version "8.5.12"
  resolved "https://registry.npmmirror.com/@types/ws/-/ws-8.5.12.tgz"
  integrity sha512-3tPRkv1EtkDpzlgyKyI8pGsGZAGPEaXeu0DOj5DI25Ja91bdAYddYHbADRYVrZMRbfW+1l5YwXVDKohDJNQxkQ==
  dependencies:
    "@types/node" "*"

accepts@^1.3.5:
  version "1.3.8"
  resolved "https://registry.npmmirror.com/accepts/-/accepts-1.3.8.tgz"
  integrity sha512-PYAthTa2m2VKxuvSD3DPC/Gy+U+sOA1LAuT8mkmRuvw+NACSaeXEQ+NHcVF7rONl6qcaxV3Uuemwawk+7+SJLw==
  dependencies:
    mime-types "~2.1.34"
    negotiator "0.6.3"

agent-base@^7.0.2, agent-base@^7.1.0, agent-base@^7.1.1:
  version "7.1.1"
  resolved "https://registry.npmmirror.com/agent-base/-/agent-base-7.1.1.tgz"
  integrity sha512-H0TSyFNDMomMNJQBn8wFV5YC/2eJ+VXECwOadZJT554xP6cODZHPX3H9QMQECxvrgiSOP1pHjy1sMWQVYJOUOA==
  dependencies:
    debug "^4.3.4"

argparse@^2.0.1:
  version "2.0.1"
  resolved "https://registry.npmmirror.com/argparse/-/argparse-2.0.1.tgz"
  integrity sha512-8+9WqebbFzpX9OR+Wa6O29asIogeRMzcGtAINdpMHHyAg10f05aSFVBbcEqGf/PXw1EjAZ+q2/bEBg3DvurK3Q==

asap@^2.0.0:
  version "2.0.6"
  resolved "https://registry.npmmirror.com/asap/-/asap-2.0.6.tgz"
  integrity sha512-BSHWgDSAiKs50o2Re8ppvp3seVHXSRM44cdSsT9FfNEUUZLOGWVCsiWaRPWM1Znn+mqZ1OfVZ3z3DWEzSp7hRA==

asynckit@^0.4.0:
  version "0.4.0"
  resolved "https://registry.npmjs.org/asynckit/-/asynckit-0.4.0.tgz"
  integrity sha512-Oei9OH4tRh0YqU3GxhX79dM/mwVgvbZJaSNaRk+bshkj0S5cfHcgYakreBjrHwatXKbz+IoIdYLxrKim2MjW0Q==

axios@^1.7.7:
  version "1.7.7"
  resolved "https://registry.npmjs.org/axios/-/axios-1.7.7.tgz"
  integrity sha512-S4kL7XrjgBmvdGut0sN3yJxqYzrDOnivkBiN0OFs6hLiUam3UPvswUo0kqGyhqUZGEOytHyumEdXsAkgCOUf3Q==
  dependencies:
    follow-redirects "^1.15.6"
    form-data "^4.0.0"
    proxy-from-env "^1.1.0"

bytes@3.1.2:
  version "3.1.2"
  resolved "https://registry.npmmirror.com/bytes/-/bytes-3.1.2.tgz"
  integrity sha512-/Nf7TyzTx6S3yRJObOAV7956r8cr2+Oj8AC5dt8wSP3BQAoeX58NoHyCU8P8zGkNXStjTSi6fzO6F0pBdcYbEg==

cac@^6.7.14:
  version "6.7.14"
  resolved "https://registry.npmmirror.com/cac/-/cac-6.7.14.tgz"
  integrity sha512-b6Ilus+c3RrdDk+JhLKUAQfzzgLEPy6wcXqS7f/xe1EETvsDP6GORG7SFuOs6cID5YkqchW/LXZbX5bc8j7ZcQ==

cache-content-type@^1.0.0:
  version "1.0.1"
  resolved "https://registry.npmmirror.com/cache-content-type/-/cache-content-type-1.0.1.tgz"
  integrity sha512-IKufZ1o4Ut42YUrZSo8+qnMTrFuKkvyoLXUywKz9GJ5BrhOFGhLdkx9sG4KAnVvbY6kEcSFjLQul+DVmBm2bgA==
  dependencies:
    mime-types "^2.1.18"
    ylru "^1.2.0"

call-bind@^1.0.7:
  version "1.0.7"
  resolved "https://registry.npmmirror.com/call-bind/-/call-bind-1.0.7.tgz"
  integrity sha512-GHTSNSYICQ7scH7sZ+M2rFopRoLh8t2bLSW6BbgrtLsahOIB5iyAVJf9GjWK3cYTDaMj4XdBpM1cA6pIS0Kv2w==
  dependencies:
    es-define-property "^1.0.0"
    es-errors "^1.3.0"
    function-bind "^1.1.2"
    get-intrinsic "^1.2.4"
    set-function-length "^1.2.1"

co-body@^6.1.0:
  version "6.2.0"
  resolved "https://registry.npmmirror.com/co-body/-/co-body-6.2.0.tgz"
  integrity sha512-Kbpv2Yd1NdL1V/V4cwLVxraHDV6K8ayohr2rmH0J87Er8+zJjcTa6dAn9QMPC9CRgU8+aNajKbSf1TzDB1yKPA==
  dependencies:
    "@hapi/bourne" "^3.0.0"
    inflation "^2.0.0"
    qs "^6.5.2"
    raw-body "^2.3.3"
    type-is "^1.6.16"

co@^4.6.0:
  version "4.6.0"
  resolved "https://registry.npmmirror.com/co/-/co-4.6.0.tgz"
  integrity sha512-QVb0dM5HvG+uaxitm8wONl7jltx8dqhfU33DcqtOZcLSVIKSDDLDi7+0LbAKiyI8hD9u42m2YxXSkMGWThaecQ==

color-convert@^2.0.1:
  version "2.0.1"
  resolved "https://registry.npmjs.org/color-convert/-/color-convert-2.0.1.tgz"
  integrity sha512-RRECPsj7iu/xb5oKYcsFHSppFNnsj/52OVTRKb4zP5onXwVF3zVmmToNcOfGC+CRDpfK/U584fMg38ZHCaElKQ==
  dependencies:
    color-name "~1.1.4"

color-name@^1.0.0, color-name@~1.1.4:
  version "1.1.4"
  resolved "https://registry.npmjs.org/color-name/-/color-name-1.1.4.tgz"
  integrity sha512-dOy+3AuW3a2wNbZHIuMZpTcgjGuLU/uBL/ubcZF9OXbDo8ff4O8yVp5Bf0efS8uEoYo5q4Fx7dY9OgQGXgAsQA==

color-string@^1.9.0:
  version "1.9.1"
  resolved "https://registry.npmjs.org/color-string/-/color-string-1.9.1.tgz"
  integrity sha512-shrVawQFojnZv6xM40anx4CkoDP+fZsw/ZerEMsW/pyzsRbElpsL/DBVW7q3ExxwusdNXI3lXpuhEZkzs8p5Eg==
  dependencies:
    color-name "^1.0.0"
    simple-swizzle "^0.2.2"

color@^4.2.3:
  version "4.2.3"
  resolved "https://registry.npmjs.org/color/-/color-4.2.3.tgz"
  integrity sha512-1rXeuUUiGGrykh+CeBdu5Ie7OJwinCgQY0bc7GCRxy5xVHy+moaqkpL/jqQq0MtQOeYcrqEz4abc5f0KtU7W4A==
  dependencies:
    color-convert "^2.0.1"
    color-string "^1.9.0"

combined-stream@^1.0.8:
  version "1.0.8"
  resolved "https://registry.npmjs.org/combined-stream/-/combined-stream-1.0.8.tgz"
  integrity sha512-FQN4MRfuJeHf7cBbBMJFXhKSDq+2kAArBlmRBvcvFE5BB1HZKXtSFASDhdlz9zOYwxh8lDdnvmMOe/+5cdoEdg==
  dependencies:
    delayed-stream "~1.0.0"

content-disposition@~0.5.2:
  version "0.5.4"
  resolved "https://registry.npmmirror.com/content-disposition/-/content-disposition-0.5.4.tgz"
  integrity sha512-FveZTNuGw04cxlAiWbzi6zTAL/lhehaWbTtgluJh4/E95DqMwTmha3KZN1aAWA8cFIhHzMZUvLevkw5Rqk+tSQ==
  dependencies:
    safe-buffer "5.2.1"

content-type@^1.0.4:
  version "1.0.5"
  resolved "https://registry.npmmirror.com/content-type/-/content-type-1.0.5.tgz"
  integrity sha512-nTjqfcBFEipKdXCv4YDQWCfmcLZKm81ldF0pAopTvyrFGVbcR6P/VAAd5G7N+0tTr8QqiU0tFadD6FK4NtJwOA==

cookies@~0.9.0:
  version "0.9.1"
  resolved "https://registry.npmmirror.com/cookies/-/cookies-0.9.1.tgz"
  integrity sha512-TG2hpqe4ELx54QER/S3HQ9SRVnQnGBtKUz5bLQWtYAQ+o6GpgMs6sYUvaiJjVxb+UXwhRhAEP3m7LbsIZ77Hmw==
  dependencies:
    depd "~2.0.0"
    keygrip "~1.1.0"

cordis@*, cordis@^3.15.3, cordis@^3.17.4, cordis@^3.18.0:
  version "3.18.0"
  resolved "https://registry.npmmirror.com/cordis/-/cordis-3.18.0.tgz"
  integrity sha512-wZwOsv8m4BVp6sN06absEGMcH1KfXjzLGtwUF406EO8clvTl3EiVRP2Yp+FwWNp3P5flmYH0ifrHDfbA7mHP1g==
  dependencies:
    "@cordisjs/core" "3.18.0"
    "@cordisjs/loader" "^0.13.0"
    "@cordisjs/logger" "^0.3.3"
    "@cordisjs/schema" "^0.1.1"
    "@cordisjs/timer" "^0.3.2"
    cac "^6.7.14"
    cosmokit "^1.6.2"
    kleur "^4.1.5"
    reggol "^1.7.0"

cosmokit@^1.5.2, cosmokit@^1.6.2:
  version "1.6.2"
  resolved "https://registry.npmmirror.com/cosmokit/-/cosmokit-1.6.2.tgz"
  integrity sha512-KnicClOb834OGjzAxjuH5WFoIxzcQwiDbvwRykgCRxHq103lrW4vpogPs3LBuZDsb2asEax4C70OYFd+JfAmgQ==

debug@^4.1.1, debug@^4.3.2, debug@^4.3.4, debug@4:
  version "4.3.6"
  resolved "https://registry.npmmirror.com/debug/-/debug-4.3.6.tgz"
  integrity sha512-O/09Bd4Z1fBrU4VzkhFqVgpPzaGbw6Sm9FEkBT1A/YBXQFGuuSxa1dN2nxgxS34JmKXqYx8CZAwEVoJFImUXIg==
  dependencies:
    ms "2.1.2"

deep-equal@~1.0.1:
  version "1.0.1"
  resolved "https://registry.npmmirror.com/deep-equal/-/deep-equal-1.0.1.tgz"
  integrity sha512-bHtC0iYvWhyaTzvV3CZgPeZQqCOBGyGsVV7v4eevpdkLHfiSrXUdBG+qAuSz4RI70sszvjQ1QSZ98An1yNwpSw==

define-data-property@^1.1.4:
  version "1.1.4"
  resolved "https://registry.npmmirror.com/define-data-property/-/define-data-property-1.1.4.tgz"
  integrity sha512-rBMvIzlpA8v6E+SJZoo++HAYqsLrkg7MSfIinMPFhmkorw7X+dOXVJQs+QT69zGkzMyfDnIMN2Wid1+NbL3T+A==
  dependencies:
    es-define-property "^1.0.0"
    es-errors "^1.3.0"
    gopd "^1.0.1"

delayed-stream@~1.0.0:
  version "1.0.0"
  resolved "https://registry.npmjs.org/delayed-stream/-/delayed-stream-1.0.0.tgz"
  integrity sha512-ZySD7Nf91aLB0RxL4KGrKHBXl7Eds1DAmEdcoVawXnLD7SDhpNgtuII2aAkg7a7QS41jxPSZ17p4VdGnMHk3MQ==

delegates@^1.0.0:
  version "1.0.0"
  resolved "https://registry.npmmirror.com/delegates/-/delegates-1.0.0.tgz"
  integrity sha512-bd2L678uiWATM6m5Z1VzNCErI3jiGzt6HGY8OVICs40JQq/HALfbyNJmp0UDakEY4pMMaN0Ly5om/B1VI/+xfQ==

depd@^2.0.0:
  version "2.0.0"
  resolved "https://registry.npmmirror.com/depd/-/depd-2.0.0.tgz"
  integrity sha512-g7nH6P6dyDioJogAAGprGpCtVImJhpPk/roCzdb3fIh61/s/nPsfR6onyMwkCAR/OlC3yBC0lESvUoQEAssIrw==

depd@~1.1.2:
  version "1.1.2"
  resolved "https://registry.npmmirror.com/depd/-/depd-1.1.2.tgz"
  integrity sha512-7emPTl6Dpo6JRXOXjLRxck+FlLRX5847cLKEn00PLAgc3g2hTZZgr+e4c2v6QpSmLeFP3n5yUo7ft6avBK/5jQ==

depd@~2.0.0:
  version "2.0.0"
  resolved "https://registry.npmmirror.com/depd/-/depd-2.0.0.tgz"
  integrity sha512-g7nH6P6dyDioJogAAGprGpCtVImJhpPk/roCzdb3fIh61/s/nPsfR6onyMwkCAR/OlC3yBC0lESvUoQEAssIrw==

depd@2.0.0:
  version "2.0.0"
  resolved "https://registry.npmmirror.com/depd/-/depd-2.0.0.tgz"
  integrity sha512-g7nH6P6dyDioJogAAGprGpCtVImJhpPk/roCzdb3fIh61/s/nPsfR6onyMwkCAR/OlC3yBC0lESvUoQEAssIrw==

destroy@^1.0.4:
  version "1.2.0"
  resolved "https://registry.npmmirror.com/destroy/-/destroy-1.2.0.tgz"
  integrity sha512-2sJGJTaXIIaR1w4iJSNoN0hnMY7Gpc/n8D4qSCJw8QqFWXf7cuAgnEHxBpweaVcPevC2l3KpjYCx3NypQQgaJg==

detect-libc@^2.0.3:
  version "2.0.3"
  resolved "https://registry.npmjs.org/detect-libc/-/detect-libc-2.0.3.tgz"
  integrity sha512-bwy0MGW55bG41VqxxypOsdSdGqLwXPI/focwgTYCFMbdUiBAxLg9CFzG08sz2aqzknwiX7Hkl0bQENjg8iLByw==

dezalgo@^1.0.4:
  version "1.0.4"
  resolved "https://registry.npmmirror.com/dezalgo/-/dezalgo-1.0.4.tgz"
  integrity sha512-rXSP0bf+5n0Qonsb+SVVfNfIsimO4HEtmnIpPHY8Q1UCzKlQrDMfdobr8nJOOsRgWCyMRqeSBQzmWUMq7zvVig==
  dependencies:
    asap "^2.0.0"
    wrappy "1"

dotenv@^16.4.5:
  version "16.4.5"
  resolved "https://registry.npmmirror.com/dotenv/-/dotenv-16.4.5.tgz"
  integrity sha512-ZmdL2rui+eB2YwhsWzjInR8LldtZHGDoQ1ugH85ppHKwpUHL7j7rN0Ti9NCnGiQbhaZ11FpR+7ao1dNsmduNUg==

ee-first@1.1.1:
  version "1.1.1"
  resolved "https://registry.npmmirror.com/ee-first/-/ee-first-1.1.1.tgz"
  integrity sha512-WMwm9LhRUo+WUaRN+vRuETqG89IgZphVSNkdFgeb6sS/E4OrDIN7t48CAewSHXc6C8lefD8KKfr5vY61brQlow==

encodeurl@^1.0.2:
  version "1.0.2"
  resolved "https://registry.npmmirror.com/encodeurl/-/encodeurl-1.0.2.tgz"
  integrity sha512-TPJXq8JqFaVYm2CWmPvnP2Iyo4ZSM7/QKcSmuMLDObfpH5fi7RUGmd/rTDf+rut/saiDiQEeVTNgAmJEdAOx0w==

es-define-property@^1.0.0:
  version "1.0.0"
  resolved "https://registry.npmmirror.com/es-define-property/-/es-define-property-1.0.0.tgz"
  integrity sha512-jxayLKShrEqqzJ0eumQbVhTYQM27CfT1T35+gCgDFoL82JLsXqTJ76zv6A0YLOgEnLUMvLzsDsGIrl8NFpT2gQ==
  dependencies:
    get-intrinsic "^1.2.4"

es-errors@^1.3.0:
  version "1.3.0"
  resolved "https://registry.npmmirror.com/es-errors/-/es-errors-1.3.0.tgz"
  integrity sha512-Zf5H2Kxt2xjTvbJvP2ZWLEICxA6j+hAmMzIlypy4xcBg1vKVnx89Wy0GbS+kf5cwCVFFzdCFh2XSCFNULS6csw==

escape-html@^1.0.3:
  version "1.0.3"
  resolved "https://registry.npmmirror.com/escape-html/-/escape-html-1.0.3.tgz"
  integrity sha512-NiSupZ4OeuGwr68lGIeym/ksIZMJodUGOSCZ/FSnTxcrekbvqrgdUxlJOMpijaKZVjAJrWrGs/6Jy8OMuyj9ow==

fastest-levenshtein@^1.0.16:
  version "1.0.16"
  resolved "https://registry.npmmirror.com/fastest-levenshtein/-/fastest-levenshtein-1.0.16.tgz"
  integrity sha512-eRnCtTTtGZFpQCwhJiUOuxPQWRXVKYDn0b2PeHfXL6/Zi53SLAzAHfVhVWK2AryC/WH05kGfxhFIPvTF0SXQzg==

file-type@^16.5.4:
  version "16.5.4"
  resolved "https://registry.npmmirror.com/file-type/-/file-type-16.5.4.tgz"
  integrity sha512-/yFHK0aGjFEgDJjEKP0pWCplsPFPhwyfwevf/pVxiN0tmE4L9LmwWxWukdJSHdoCli4VgQLehjJtwQBnqmsKcw==
  dependencies:
    readable-web-to-node-stream "^3.0.0"
    strtok3 "^6.2.4"
    token-types "^4.1.1"

follow-redirects@^1.15.6:
  version "1.15.9"
  resolved "https://registry.npmjs.org/follow-redirects/-/follow-redirects-1.15.9.tgz"
  integrity sha512-gew4GsXizNgdoRyqmyfMHyAmXsZDk6mHkSxZFCzW9gwlbtOW44CDtYavM+y+72qD/Vq2l550kMF52DT8fOLJqQ==

form-data@^4.0.0:
  version "4.0.0"
  resolved "https://registry.npmjs.org/form-data/-/form-data-4.0.0.tgz"
  integrity sha512-ETEklSGi5t0QMZuiXoA/Q6vcnxcLQP5vdugSpuAyi6SVGi2clPPp+xgEhuMaHC+zGgn31Kd235W35f7Hykkaww==
  dependencies:
    asynckit "^0.4.0"
    combined-stream "^1.0.8"
    mime-types "^2.1.12"

formidable@^2.0.1:
  version "2.1.2"
  resolved "https://registry.npmmirror.com/formidable/-/formidable-2.1.2.tgz"
  integrity sha512-CM3GuJ57US06mlpQ47YcunuUZ9jpm8Vx+P2CGt2j7HpgkKZO/DJYQ0Bobim8G6PFQmK5lOqOOdUXboU+h73A4g==
  dependencies:
    dezalgo "^1.0.4"
    hexoid "^1.0.0"
    once "^1.4.0"
    qs "^6.11.0"

fresh@~0.5.2:
  version "0.5.2"
  resolved "https://registry.npmmirror.com/fresh/-/fresh-0.5.2.tgz"
  integrity sha512-zJ2mQYM18rEFOudeV4GShTGIQ7RbzA7ozbU9I/XBpm7kqgMywgmylMwXHxZJmkVoYkna9d2pVXVXPdYTP9ej8Q==

function-bind@^1.1.2:
  version "1.1.2"
  resolved "https://registry.npmmirror.com/function-bind/-/function-bind-1.1.2.tgz"
  integrity sha512-7XHNxH7qX9xG5mIwxkhumTox/MIRNcOgDrxWsMt2pAr23WHp6MrRlN7FBSFpCpr+oVO0F744iUgR82nJMfG2SA==

get-intrinsic@^1.1.3, get-intrinsic@^1.2.4:
  version "1.2.4"
  resolved "https://registry.npmmirror.com/get-intrinsic/-/get-intrinsic-1.2.4.tgz"
  integrity sha512-5uYhsJH8VJBTv7oslg4BznJYhDoRI6waYCxMmCdnTrcCrHA/fCFKoTFz2JKKE0HdDFUF7/oQuhzumXJK7paBRQ==
  dependencies:
    es-errors "^1.3.0"
    function-bind "^1.1.2"
    has-proto "^1.0.1"
    has-symbols "^1.0.3"
    hasown "^2.0.0"

gopd@^1.0.1:
  version "1.0.1"
  resolved "https://registry.npmmirror.com/gopd/-/gopd-1.0.1.tgz"
  integrity sha512-d65bNlIadxvpb/A2abVdlqKqV563juRnZ1Wtk6s1sIR8uNsXR70xqIzVqxVf1eTqDunwT2MkczEeaezCKTZhwA==
  dependencies:
    get-intrinsic "^1.1.3"

has-flag@^4.0.0:
  version "4.0.0"
  resolved "https://registry.npmmirror.com/has-flag/-/has-flag-4.0.0.tgz"
  integrity sha512-EykJT/Q1KjTWctppgIAgfSO0tKVuZUjhgMr17kqTumMl6Afv3EISleU7qZUzoXDFTAHTDC4NOoG/ZxU3EvlMPQ==

has-property-descriptors@^1.0.2:
  version "1.0.2"
  resolved "https://registry.npmmirror.com/has-property-descriptors/-/has-property-descriptors-1.0.2.tgz"
  integrity sha512-55JNKuIW+vq4Ke1BjOTjM2YctQIvCT7GFzHwmfZPGo5wnrgkid0YQtnAleFSqumZm4az3n2BS+erby5ipJdgrg==
  dependencies:
    es-define-property "^1.0.0"

has-proto@^1.0.1:
  version "1.0.3"
  resolved "https://registry.npmmirror.com/has-proto/-/has-proto-1.0.3.tgz"
  integrity sha512-SJ1amZAJUiZS+PhsVLf5tGydlaVB8EdFpaSO4gmiUKUOxk8qzn5AIy4ZeJUmh22znIdk/uMAUT2pl3FxzVUH+Q==

has-symbols@^1.0.3:
  version "1.0.3"
  resolved "https://registry.npmmirror.com/has-symbols/-/has-symbols-1.0.3.tgz"
  integrity sha512-l3LCuF6MgDNwTDKkdYGEihYjt5pRPbEg46rtlmnSPlUbgmB8LOIrKJbYYFBSbnPaJexMKtiPO8hmeRjRz2Td+A==

has-tostringtag@^1.0.0:
  version "1.0.2"
  resolved "https://registry.npmmirror.com/has-tostringtag/-/has-tostringtag-1.0.2.tgz"
  integrity sha512-NqADB8VjPFLM2V0VvHUewwwsw0ZWBaIdgo+ieHtK3hasLz4qeCRjYcqfB6AQrBggRKppKF8L52/VqdVsO47Dlw==
  dependencies:
    has-symbols "^1.0.3"

hasown@^2.0.0:
  version "2.0.2"
  resolved "https://registry.npmmirror.com/hasown/-/hasown-2.0.2.tgz"
  integrity sha512-0hJU9SCPvmMzIBdZFqNPXWa6dqh7WdH0cII9y+CyS8rG3nL48Bclra9HmKhVVUHyPWNH5Y7xDwAB7bfgSjkUMQ==
  dependencies:
    function-bind "^1.1.2"

hexoid@^1.0.0:
  version "1.0.0"
  resolved "https://registry.npmmirror.com/hexoid/-/hexoid-1.0.0.tgz"
  integrity sha512-QFLV0taWQOZtvIRIAdBChesmogZrtuXvVWsFHZTk2SU+anspqZ2vMnoLg7IE1+Uk16N19APic1BuF8bC8c2m5g==

http-assert@^1.3.0:
  version "1.5.0"
  resolved "https://registry.npmmirror.com/http-assert/-/http-assert-1.5.0.tgz"
  integrity sha512-uPpH7OKX4H25hBmU6G1jWNaqJGpTXxey+YOUizJUAgu0AjLUeC8D73hTrhvDS5D+GJN1DN1+hhc/eF/wpxtp0w==
  dependencies:
    deep-equal "~1.0.1"
    http-errors "~1.8.0"

http-errors@^1.6.3, http-errors@^1.7.3, http-errors@~1.8.0:
  version "1.8.1"
  resolved "https://registry.npmmirror.com/http-errors/-/http-errors-1.8.1.tgz"
  integrity sha512-Kpk9Sm7NmI+RHhnj6OIWDI1d6fIoFAtFt9RLaTMRlg/8w49juAStsrBgp0Dp4OdxdVbRIeKhtCUvoi/RuAhO4g==
  dependencies:
    depd "~1.1.2"
    inherits "2.0.4"
    setprototypeof "1.2.0"
    statuses ">= 1.5.0 < 2"
    toidentifier "1.0.1"

http-errors@2.0.0:
  version "2.0.0"
  resolved "https://registry.npmmirror.com/http-errors/-/http-errors-2.0.0.tgz"
  integrity sha512-FtwrG/euBzaEjYeRqOgly7G0qviiXoJWnvEH2Z1plBdXgbyjv34pHTSb9zoeHMyDy33+DWy5Wt9Wo+TURtOYSQ==
  dependencies:
    depd "2.0.0"
    inherits "2.0.4"
    setprototypeof "1.2.0"
    statuses "2.0.1"
    toidentifier "1.0.1"

http-proxy-agent@^7.0.2:
  version "7.0.2"
  resolved "https://registry.npmmirror.com/http-proxy-agent/-/http-proxy-agent-7.0.2.tgz"
  integrity sha512-T1gkAiYYDWYx3V5Bmyu7HcfcvL7mUrTWiM6yOfa3PIphViJ/gFPbvidQ+veqSOHci/PxBcDabeUNCzpOODJZig==
  dependencies:
    agent-base "^7.1.0"
    debug "^4.3.4"

https-proxy-agent@^7.0.4:
  version "7.0.5"
  resolved "https://registry.npmmirror.com/https-proxy-agent/-/https-proxy-agent-7.0.5.tgz"
  integrity sha512-1e4Wqeblerz+tMKPIq2EMGiiWW1dIjZOksyHWSUm1rmuvw/how9hBHZ38lAGj5ID4Ik6EdkOw7NmWPy6LAwalw==
  dependencies:
    agent-base "^7.0.2"
    debug "4"

iconv-lite@0.4.24:
  version "0.4.24"
  resolved "https://registry.npmmirror.com/iconv-lite/-/iconv-lite-0.4.24.tgz"
  integrity sha512-v3MXnZAcvnywkTUEZomIActle7RXXeedOR31wwl7VlyoXO4Qi9arvSenNQWne1TcRwhCL1HwLI21bEqdpj8/rA==
  dependencies:
    safer-buffer ">= 2.1.2 < 3"

ieee754@^1.2.1:
  version "1.2.1"
  resolved "https://registry.npmmirror.com/ieee754/-/ieee754-1.2.1.tgz"
  integrity sha512-dcyqhDvX1C46lXZcVqCpK+FtMRQVdIMN6/Df5js2zouUsqG7I6sFxitIC+7KYK29KdXOLHdu9zL4sFnoVQnqaA==

inaba@^1.1.1:
  version "1.1.1"
  resolved "https://registry.npmmirror.com/inaba/-/inaba-1.1.1.tgz"
  integrity sha512-VYgrcz9EwjHELNU74R/p81U/G00u8KuFzao43pyNp7UZix+NY78eUzBy1Ks0tSgxgia+luJMvTD67vV02pk9yg==

inflation@^2.0.0:
  version "2.1.0"
  resolved "https://registry.npmmirror.com/inflation/-/inflation-2.1.0.tgz"
  integrity sha512-t54PPJHG1Pp7VQvxyVCJ9mBbjG3Hqryges9bXoOO6GExCPa+//i/d5GSuFtpx3ALLd7lgIAur6zrIlBQyJuMlQ==

inherits@^2.0.3, inherits@2.0.4:
  version "2.0.4"
  resolved "https://registry.npmmirror.com/inherits/-/inherits-2.0.4.tgz"
  integrity sha512-k/vGaX4/Yla3WzyMCvTQOXYeIHvqOKtnqBduzTHpzpQZzAskKMhZ2K+EnBiSM9zGSoIFeMpXKxa4dYeZIQqewQ==

ip-address@^9.0.5:
  version "9.0.5"
  resolved "https://registry.npmmirror.com/ip-address/-/ip-address-9.0.5.tgz"
  integrity sha512-zHtQzGojZXTwZTHQqra+ETKd4Sn3vgi7uBmlPoXVWZqYvuKmtI0l/VZTjqGmJY9x88GGOaZ9+G9ES8hC4T4X8g==
  dependencies:
    jsbn "1.1.0"
    sprintf-js "^1.1.3"

is-arrayish@^0.3.1:
  version "0.3.2"
  resolved "https://registry.npmjs.org/is-arrayish/-/is-arrayish-0.3.2.tgz"
  integrity sha512-eVRqCvVlZbuw3GrM63ovNSNAeA1K16kaR/LRY/92w0zxQ5/1YzwblUX652i4Xs9RwAGjW9d9y6X88t8OaAJfWQ==

is-generator-function@^1.0.7:
  version "1.0.10"
  resolved "https://registry.npmmirror.com/is-generator-function/-/is-generator-function-1.0.10.tgz"
  integrity sha512-jsEjy9l3yiXEQ+PsXdmBwEPcOxaXWLspKdplFUVI9vq1iZgIekeC0L167qeu86czQaxed3q/Uzuw0swL0irL8A==
  dependencies:
    has-tostringtag "^1.0.0"

js-yaml@^4.1.0:
  version "4.1.0"
  resolved "https://registry.npmmirror.com/js-yaml/-/js-yaml-4.1.0.tgz"
  integrity sha512-wpxZs9NoxZaJESJGIZTyDEaYpl0FKSA+FB9aJiyemKhMwkxQg63h4T1KJgUGHpTqPDNRcmmYLugrRjJlBtWvRA==
  dependencies:
    argparse "^2.0.1"

jsbn@1.1.0:
  version "1.1.0"
  resolved "https://registry.npmmirror.com/jsbn/-/jsbn-1.1.0.tgz"
  integrity sha512-4bYVV3aAMtDTTu4+xsDYa6sy9GyJ69/amsu9sYF2zqjiEoZA5xJi3BrfX3uY+/IekIu7MwdObdbDWpoZdBv3/A==

keygrip@~1.1.0:
  version "1.1.0"
  resolved "https://registry.npmmirror.com/keygrip/-/keygrip-1.1.0.tgz"
  integrity sha512-iYSchDJ+liQ8iwbSI2QqsQOvqv58eJCEanyJPJi+Khyu8smkcKSFUCbPwzFcL7YVtZ6eONjqRX/38caJ7QjRAQ==
  dependencies:
    tsscmp "1.0.6"

kleur@^4.1.5:
  version "4.1.5"
  resolved "https://registry.npmmirror.com/kleur/-/kleur-4.1.5.tgz"
  integrity sha512-o+NO+8WrRiQEE4/7nwRJhN1HWpVmJm511pBHUxPLtp0BUISzlBplORYSmTclCnJvQq2tKu/sgl3xVpkc7ZWuQQ==

koa-body@^6.0.1:
  version "6.0.1"
  resolved "https://registry.npmmirror.com/koa-body/-/koa-body-6.0.1.tgz"
  integrity sha512-M8ZvMD8r+kPHy28aWP9VxL7kY8oPWA+C7ZgCljrCMeaU7uX6wsIQgDHskyrAr9sw+jqnIXyv4Mlxri5R4InIJg==
  dependencies:
    "@types/co-body" "^6.1.0"
    "@types/formidable" "^2.0.5"
    "@types/koa" "^2.13.5"
    co-body "^6.1.0"
    formidable "^2.0.1"
    zod "^3.19.1"

koa-compose@^4.1.0:
  version "4.1.0"
  resolved "https://registry.npmmirror.com/koa-compose/-/koa-compose-4.1.0.tgz"
  integrity sha512-8ODW8TrDuMYvXRwra/Kh7/rJo9BtOfPc6qO8eAfC80CnCvSjSl0bkRM24X6/XBBEyj0v1nRUQ1LyOy3dbqOWXw==

koa-convert@^2.0.0:
  version "2.0.0"
  resolved "https://registry.npmmirror.com/koa-convert/-/koa-convert-2.0.0.tgz"
  integrity sha512-asOvN6bFlSnxewce2e/DK3p4tltyfC4VM7ZwuTuepI7dEQVcvpyFuBcEARu1+Hxg8DIwytce2n7jrZtRlPrARA==
  dependencies:
    co "^4.6.0"
    koa-compose "^4.1.0"

koa@^2.15.2:
  version "2.15.3"
  resolved "https://registry.npmmirror.com/koa/-/koa-2.15.3.tgz"
  integrity sha512-j/8tY9j5t+GVMLeioLaxweJiKUayFhlGqNTzf2ZGwL0ZCQijd2RLHK0SLW5Tsko8YyyqCZC2cojIb0/s62qTAg==
  dependencies:
    accepts "^1.3.5"
    cache-content-type "^1.0.0"
    content-disposition "~0.5.2"
    content-type "^1.0.4"
    cookies "~0.9.0"
    debug "^4.3.2"
    delegates "^1.0.0"
    depd "^2.0.0"
    destroy "^1.0.4"
    encodeurl "^1.0.2"
    escape-html "^1.0.3"
    fresh "~0.5.2"
    http-assert "^1.3.0"
    http-errors "^1.6.3"
    is-generator-function "^1.0.7"
    koa-compose "^4.1.0"
    koa-convert "^2.0.0"
    on-finished "^2.3.0"
    only "~0.0.2"
    parseurl "^1.3.2"
    statuses "^1.5.0"
    type-is "^1.6.16"
    vary "^1.1.2"

koishi@^4.11.7, koishi@^4.17.10, koishi@^4.17.7, koishi@^4.17.9:
  version "4.17.12"
  resolved "https://registry.npmmirror.com/koishi/-/koishi-4.17.12.tgz"
  integrity sha512-aRDLFgotqyElLkoSlISMd85vnksF9BKjfT0rNKothKrBrTfG7S+7HksI9hERKhBU6HgPUJw9XxxcTBWwkMCLrQ==
  dependencies:
    "@koishijs/core" "4.17.12"
    "@koishijs/loader" "4.5.12"
    "@koishijs/plugin-http" "^0.6.1"
    "@koishijs/plugin-proxy-agent" "^0.3.3"
    "@koishijs/plugin-server" "^3.2.3"
    "@koishijs/utils" "^7.2.1"
    "@satorijs/core" "^4.2.1"
    cac "^6.7.14"
    kleur "^4.1.5"

media-typer@0.3.0:
  version "0.3.0"
  resolved "https://registry.npmmirror.com/media-typer/-/media-typer-0.3.0.tgz"
  integrity sha512-dq+qelQ9akHpcOl/gUVRTxVIOkAJ1wR3QAvb4RsVjS8oVoFjDGTc679wJYmUmknUF5HwMLOgb5O+a3KxfWapPQ==

methods@^1.1.2:
  version "1.1.2"
  resolved "https://registry.npmmirror.com/methods/-/methods-1.1.2.tgz"
  integrity sha512-iclAHeNqNm68zFtnZ0e+1L2yUIdvzNoauKU4WBA3VvH/vPFieF7qfRlwUZU+DA9P9bPXIS90ulxoUoCH23sV2w==

mime-db@^1.52.0:
  version "1.53.0"
  resolved "https://registry.npmmirror.com/mime-db/-/mime-db-1.53.0.tgz"
  integrity sha512-oHlN/w+3MQ3rba9rqFr6V/ypF10LSkdwUysQL7GkXoTgIWeV+tcXGA852TBxH+gsh8UWoyhR1hKcoMJTuWflpg==

mime-db@1.52.0:
  version "1.52.0"
  resolved "https://registry.npmmirror.com/mime-db/-/mime-db-1.52.0.tgz"
  integrity sha512-sPU4uV7dYlvtWJxwwxHD0PuihVNiE7TyAbQ5SWxDCB9mUYvOgroQOwYQQOKPJ8CIbE+1ETVlOoK1UC2nU3gYvg==

mime-types@^2.1.12, mime-types@^2.1.18, mime-types@~2.1.24, mime-types@~2.1.34:
  version "2.1.35"
  resolved "https://registry.npmmirror.com/mime-types/-/mime-types-2.1.35.tgz"
  integrity sha512-ZDY+bPm5zTTF+YpCrAU9nK0UgICYPT0QtT1NZWFv4s++TNkcgVaT0g6+4R2uI4MjQjzysHB1zxuWL50hzaeXiw==
  dependencies:
    mime-db "1.52.0"

minato@^3.5.0:
  version "3.5.1"
  resolved "https://registry.npmmirror.com/minato/-/minato-3.5.1.tgz"
  integrity sha512-NqRN/5U5J1W8ssKQvdbfNKA/OHxKkVpkLNpw83ux6VwYepJ9laEsyJeEzPSEYkrV2h5zEzEQ+FsBxOpQ23bnyQ==
  dependencies:
    cosmokit "^1.6.2"

ms@2.1.2:
  version "2.1.2"
  resolved "https://registry.npmmirror.com/ms/-/ms-2.1.2.tgz"
  integrity sha512-sGkPx+VjMtmA6MX27oA4FBFELFCZZ4S4XqeGOXCv68tT+jb3vk/RyaKWP0PTKyWtmLSM0b+adUTEvbs1PEaH2w==

negotiator@0.6.3:
  version "0.6.3"
  resolved "https://registry.npmmirror.com/negotiator/-/negotiator-0.6.3.tgz"
  integrity sha512-+EUsqGPLsM+j/zdChZjsnX51g4XrHFOIXwfnCVPGlQk/k5giakcKsuxCObBRu6DSm9opw/O6slWbJdghQM4bBg==

ns-require@^1.1.4:
  version "1.1.4"
  resolved "https://registry.npmmirror.com/ns-require/-/ns-require-1.1.4.tgz"
  integrity sha512-Zk25pQj4u5i6DS0vaNO5aSSXewybVqqVVjz8AOxFy9DNPtmu3jlexMz6kUXLV2oB+X6iQeAnHXSzj5Qz/IeDaQ==

object-inspect@^1.13.1:
  version "1.13.2"
  resolved "https://registry.npmmirror.com/object-inspect/-/object-inspect-1.13.2.tgz"
  integrity sha512-IRZSRuzJiynemAXPYtPe5BoI/RESNYR7TYm50MC5Mqbd3Jmw5y790sErYw3V6SryFJD64b74qQQs9wn5Bg/k3g==

on-finished@^2.3.0:
  version "2.4.1"
  resolved "https://registry.npmmirror.com/on-finished/-/on-finished-2.4.1.tgz"
  integrity sha512-oVlzkg3ENAhCk2zdv7IJwd/QUD4z2RxRwpkcGY8psCVcCYZNq4wYnVWALHM+brtuJjePWiYF/ClmuDr8Ch5+kg==
  dependencies:
    ee-first "1.1.1"

once@^1.4.0:
  version "1.4.0"
  resolved "https://registry.npmmirror.com/once/-/once-1.4.0.tgz"
  integrity sha512-lNaJgI+2Q5URQBkccEKHTQOPaXdUxnZZElQTZY0MFUAuaEqe1E+Nyvgdz/aIyNi6Z9MzO5dv1H8n58/GELp3+w==
  dependencies:
    wrappy "1"

only@~0.0.2:
  version "0.0.2"
  resolved "https://registry.npmmirror.com/only/-/only-0.0.2.tgz"
  integrity sha512-Fvw+Jemq5fjjyWz6CpKx6w9s7xxqo3+JCyM0WXWeCSOboZ8ABkyvP8ID4CZuChA/wxSx+XSJmdOm8rGVyJ1hdQ==

parseurl@^1.3.2, parseurl@^1.3.3:
  version "1.3.3"
  resolved "https://registry.npmmirror.com/parseurl/-/parseurl-1.3.3.tgz"
  integrity sha512-CiyeOxFT/JZyN5m0z9PfXw4SCBJ6Sygz1Dpl0wqjlhDEGGBP1GnsUVEL0p63hoG1fcj3fHynXi9NYO4nWOL+qQ==

path-to-regexp@^6.1.0, path-to-regexp@^6.2.1:
  version "6.2.2"
  resolved "https://registry.npmmirror.com/path-to-regexp/-/path-to-regexp-6.2.2.tgz"
  integrity sha512-GQX3SSMokngb36+whdpRXE+3f9V8UzyAorlYvOGx87ufGHehNTn5lCxrKtLyZ4Yl/wEKnNnr98ZzOwwDZV5ogw==

peek-readable@^4.1.0:
  version "4.1.0"
  resolved "https://registry.npmmirror.com/peek-readable/-/peek-readable-4.1.0.tgz"
  integrity sha512-ZI3LnwUv5nOGbQzD9c2iDG6toheuXSZP5esSHBjopsXH4dg19soufvpUGA3uohi5anFtGb2lhAVdHzH6R/Evvg==

proxy-from-env@^1.1.0:
  version "1.1.0"
  resolved "https://registry.npmjs.org/proxy-from-env/-/proxy-from-env-1.1.0.tgz"
  integrity sha512-D+zkORCbA9f1tdWRK0RaCR3GPv50cMxcrz4X8k5LTSUD1Dkw47mKJEZQNunItRTkWwgtaUSo1RVFRIG9ZXiFYg==

qs@^6.11.0, qs@^6.5.2:
  version "6.13.0"
  resolved "https://registry.npmmirror.com/qs/-/qs-6.13.0.tgz"
  integrity sha512-+38qI9SOr8tfZ4QmJNplMUxqjbe7LKvvZgWdExBOmd+egZTtjLB67Gu0HRX3u/XOq7UU2Nx6nsjvS16Z9uwfpg==
  dependencies:
    side-channel "^1.0.6"

raw-body@^2.3.3:
  version "2.5.2"
  resolved "https://registry.npmmirror.com/raw-body/-/raw-body-2.5.2.tgz"
  integrity sha512-8zGqypfENjCIqGhgXToC8aB2r7YrBX+AQAfIPs/Mlk+BtPTztOvTS01NRW/3Eh60J+a48lt8qsCzirQ6loCVfA==
  dependencies:
    bytes "3.1.2"
    http-errors "2.0.0"
    iconv-lite "0.4.24"
    unpipe "1.0.0"

readable-stream@^3.6.0:
  version "3.6.2"
  resolved "https://registry.npmmirror.com/readable-stream/-/readable-stream-3.6.2.tgz"
  integrity sha512-9u/sniCrY3D5WdsERHzHE4G2YCXqoG5FTHUiCC4SIbr6XcLZBY05ya9EKjYek9O5xOAwjGq+1JdGBAS7Q9ScoA==
  dependencies:
    inherits "^2.0.3"
    string_decoder "^1.1.1"
    util-deprecate "^1.0.1"

readable-web-to-node-stream@^3.0.0:
  version "3.0.2"
  resolved "https://registry.npmmirror.com/readable-web-to-node-stream/-/readable-web-to-node-stream-3.0.2.tgz"
  integrity sha512-ePeK6cc1EcKLEhJFt/AebMCLL+GgSKhuygrZ/GLaKZYEecIgIECf4UaUuaByiGtzckwR4ain9VzUh95T1exYGw==
  dependencies:
    readable-stream "^3.6.0"

reggol@^1.6.3, reggol@^1.7.0:
  version "1.7.0"
  resolved "https://registry.npmmirror.com/reggol/-/reggol-1.7.0.tgz"
  integrity sha512-kuG2KiHSNMyVLxdW2SuiYbZqY8/k1iLcP8zS+Tubly5LuefslXFkWqfEx7vCEGGNVXqjVVR4TKufjSLD3NW1Uw==
  dependencies:
    cosmokit "^1.6.2"
    object-inspect "^1.13.1"
    supports-color "^8.1.1"

safe-buffer@~5.2.0, safe-buffer@5.2.1:
  version "5.2.1"
  resolved "https://registry.npmmirror.com/safe-buffer/-/safe-buffer-5.2.1.tgz"
  integrity sha512-rp3So07KcdmmKbGvgaNxQSJr7bGVSVk5S9Eq1F+ppbRo70+YeaDxkw5Dd8NPN+GD6bjnYm2VuPuCXmpuYvmCXQ==

"safer-buffer@>= 2.1.2 < 3":
  version "2.1.2"
  resolved "https://registry.npmmirror.com/safer-buffer/-/safer-buffer-2.1.2.tgz"
  integrity sha512-YZo3K82SD7Riyi0E1EQPojLz7kpepnSQI9IyPbHHg1XXXevb5dJI7tpyN2ADxGcQbHG7vcyRHk0cbwqcQriUtg==

schemastery@^3.14.6:
  version "3.14.6"
  resolved "https://registry.npmmirror.com/schemastery/-/schemastery-3.14.6.tgz"
  integrity sha512-0iaHXS6B1xSXf0AgDdYgebHTk88/9pxtplCMcMRTX6BLf1QuJQAcsaoCPdf3XUG/2Nc+0QRJQpn9T3XOp/NJCw==
  dependencies:
    cosmokit "^1.6.2"

semver@^7.6.3:
  version "7.6.3"
  resolved "https://registry.npmjs.org/semver/-/semver-7.6.3.tgz"
  integrity sha512-oVekP1cKtI+CTDvHWYFUcMtsK/00wmAEfyqKfNdARm8u1wNVhSgaX7A8d4UuIlUI5e84iEwOhs7ZPYRmzU9U6A==

set-function-length@^1.2.1:
  version "1.2.2"
  resolved "https://registry.npmmirror.com/set-function-length/-/set-function-length-1.2.2.tgz"
  integrity sha512-pgRc4hJ4/sNjWCSS9AmnS40x3bNMDTknHgL5UaMBTMyJnU90EgWh1Rz+MC9eFu4BuN/UwZjKQuY/1v3rM7HMfg==
  dependencies:
    define-data-property "^1.1.4"
    es-errors "^1.3.0"
    function-bind "^1.1.2"
    get-intrinsic "^1.2.4"
    gopd "^1.0.1"
    has-property-descriptors "^1.0.2"

setprototypeof@1.2.0:
  version "1.2.0"
  resolved "https://registry.npmmirror.com/setprototypeof/-/setprototypeof-1.2.0.tgz"
  integrity sha512-E5LDX7Wrp85Kil5bhZv46j8jOeboKq5JMmYM3gVGdGH8xFpPWXUMsNrlODCrkoxMEeNi/XZIwuRvY4XNwYMJpw==

sharp@^0.33.5:
  version "0.33.5"
  resolved "https://registry.npmjs.org/sharp/-/sharp-0.33.5.tgz"
  integrity sha512-haPVm1EkS9pgvHrQ/F3Xy+hgcuMV0Wm9vfIBSiwZ05k+xgb0PkBQpGsAA/oWdDobNaZTH5ppvHtzCFbnSEwHVw==
  dependencies:
    color "^4.2.3"
    detect-libc "^2.0.3"
    semver "^7.6.3"
  optionalDependencies:
    "@img/sharp-darwin-arm64" "0.33.5"
    "@img/sharp-darwin-x64" "0.33.5"
    "@img/sharp-libvips-darwin-arm64" "1.0.4"
    "@img/sharp-libvips-darwin-x64" "1.0.4"
    "@img/sharp-libvips-linux-arm" "1.0.5"
    "@img/sharp-libvips-linux-arm64" "1.0.4"
    "@img/sharp-libvips-linux-s390x" "1.0.4"
    "@img/sharp-libvips-linux-x64" "1.0.4"
    "@img/sharp-libvips-linuxmusl-arm64" "1.0.4"
    "@img/sharp-libvips-linuxmusl-x64" "1.0.4"
    "@img/sharp-linux-arm" "0.33.5"
    "@img/sharp-linux-arm64" "0.33.5"
    "@img/sharp-linux-s390x" "0.33.5"
    "@img/sharp-linux-x64" "0.33.5"
    "@img/sharp-linuxmusl-arm64" "0.33.5"
    "@img/sharp-linuxmusl-x64" "0.33.5"
    "@img/sharp-wasm32" "0.33.5"
    "@img/sharp-win32-ia32" "0.33.5"
    "@img/sharp-win32-x64" "0.33.5"

side-channel@^1.0.6:
  version "1.0.6"
  resolved "https://registry.npmmirror.com/side-channel/-/side-channel-1.0.6.tgz"
  integrity sha512-fDW/EZ6Q9RiO8eFG8Hj+7u/oW+XrPTIChwCOM2+th2A6OblDtYYIpve9m+KvI9Z4C9qSEXlaGR6bTEYHReuglA==
  dependencies:
    call-bind "^1.0.7"
    es-errors "^1.3.0"
    get-intrinsic "^1.2.4"
    object-inspect "^1.13.1"

simple-swizzle@^0.2.2:
  version "0.2.2"
  resolved "https://registry.npmjs.org/simple-swizzle/-/simple-swizzle-0.2.2.tgz"
  integrity sha512-JA//kQgZtbuY83m+xT+tXJkmJncGMTFT+C+g2h2R9uxkYIrE2yy9sgmcLhCnw57/WSD+Eh3J97FPEDFnbXnDUg==
  dependencies:
    is-arrayish "^0.3.1"

smart-buffer@^4.2.0:
  version "4.2.0"
  resolved "https://registry.npmmirror.com/smart-buffer/-/smart-buffer-4.2.0.tgz"
  integrity sha512-94hK0Hh8rPqQl2xXc3HsaBoOXKV20MToPkcXvwbISWLEs+64sBq5kFgn2kJDHb1Pry9yrP0dxrCI9RRci7RXKg==

socks-proxy-agent@^8.0.2:
  version "8.0.4"
  resolved "https://registry.npmmirror.com/socks-proxy-agent/-/socks-proxy-agent-8.0.4.tgz"
  integrity sha512-GNAq/eg8Udq2x0eNiFkr9gRg5bA7PXEWagQdeRX4cPSG+X/8V38v637gim9bjFptMk1QWsCTr0ttrJEiXbNnRw==
  dependencies:
    agent-base "^7.1.1"
    debug "^4.3.4"
    socks "^2.8.3"

socks@^2.8.1, socks@^2.8.3:
  version "2.8.3"
  resolved "https://registry.npmmirror.com/socks/-/socks-2.8.3.tgz"
  integrity sha512-l5x7VUUWbjVFbafGLxPWkYsHIhEvmF85tbIeFZWc8ZPtoMyybuEhL7Jye/ooC4/d48FgOjSJXgsF/AJPYCW8Zw==
  dependencies:
    ip-address "^9.0.5"
    smart-buffer "^4.2.0"

sprintf-js@^1.1.3:
  version "1.1.3"
  resolved "https://registry.npmmirror.com/sprintf-js/-/sprintf-js-1.1.3.tgz"
  integrity sha512-Oo+0REFV59/rz3gfJNKQiBlwfHaSESl1pcGyABQsnnIfWOFt6JNj5gCog2U6MLZ//IGYD+nA8nI+mTShREReaA==

statuses@^1.5.0, "statuses@>= 1.5.0 < 2":
  version "1.5.0"
  resolved "https://registry.npmmirror.com/statuses/-/statuses-1.5.0.tgz"
  integrity sha512-OpZ3zP+jT1PI7I8nemJX4AKmAX070ZkYPVWV/AaKTJl+tXCTGyVdC1a4SL8RUQYEwk/f34ZX8UTykN68FwrqAA==

statuses@2.0.1:
  version "2.0.1"
  resolved "https://registry.npmmirror.com/statuses/-/statuses-2.0.1.tgz"
  integrity sha512-RwNA9Z/7PrK06rYLIzFMlaF+l73iwpzsqRIFgbMLbTcLD6cOao82TaWefPXQvB2fOC4AjuYSEndS7N/mTCbkdQ==

string_decoder@^1.1.1:
  version "1.3.0"
  resolved "https://registry.npmmirror.com/string_decoder/-/string_decoder-1.3.0.tgz"
  integrity sha512-hkRX8U1WjJFd8LsDJ2yQ/wWWxaopEsABU1XfkM8A+j0+85JAGppt16cr1Whg6KIbb4okU6Mql6BOj+uup/wKeA==
  dependencies:
    safe-buffer "~5.2.0"

strtok3@^6.2.4:
  version "6.3.0"
  resolved "https://registry.npmmirror.com/strtok3/-/strtok3-6.3.0.tgz"
  integrity sha512-fZtbhtvI9I48xDSywd/somNqgUHl2L2cstmXCCif0itOf96jeW18MBSyrLuNicYQVkvpOxkZtkzujiTJ9LW5Jw==
  dependencies:
    "@tokenizer/token" "^0.3.0"
    peek-readable "^4.1.0"

supports-color@^8.1.1:
  version "8.1.1"
  resolved "https://registry.npmmirror.com/supports-color/-/supports-color-8.1.1.tgz"
  integrity sha512-MpUEN2OodtUzxvKQl72cUF7RQ5EiHsGvSsVG0ia9c5RbWGL2CI4C7EpPS8UTBIplnlzZiNuV56w+FuNxy3ty2Q==
  dependencies:
    has-flag "^4.0.0"

toidentifier@1.0.1:
  version "1.0.1"
  resolved "https://registry.npmmirror.com/toidentifier/-/toidentifier-1.0.1.tgz"
  integrity sha512-o5sSPKEkg/DIQNmH43V0/uerLrpzVedkUh8tGNvaeXpfpuwjKenlSox/2O/BTlZUtEe+JG7s5YhEz608PlAHRA==

token-types@^4.1.1:
  version "4.2.1"
  resolved "https://registry.npmmirror.com/token-types/-/token-types-4.2.1.tgz"
  integrity sha512-6udB24Q737UD/SDsKAHI9FCRP7Bqc9D/MQUV02ORQg5iskjtLJlZJNdN4kKtcdtwCeWIwIHDGaUsTsCCAa8sFQ==
  dependencies:
    "@tokenizer/token" "^0.3.0"
    ieee754 "^1.2.1"

tsscmp@1.0.6:
  version "1.0.6"
  resolved "https://registry.npmmirror.com/tsscmp/-/tsscmp-1.0.6.tgz"
  integrity sha512-LxhtAkPDTkVCMQjt2h6eBVY28KCjikZqZfMcC15YBeNjkgUpdCfBu5HoiOTDu86v6smE8yOjyEktJ8hlbANHQA==

type-is@^1.6.16:
  version "1.6.18"
  resolved "https://registry.npmmirror.com/type-is/-/type-is-1.6.18.tgz"
  integrity sha512-TkRKr9sUTxEH8MdfuCSP7VizJyzRNMjj2J2do2Jr3Kym598JVdEksuzPQCnlFPW4ky9Q+iA+ma9BGm06XQBy8g==
  dependencies:
    media-typer "0.3.0"
    mime-types "~2.1.24"

undici-types@~6.19.2:
  version "6.19.8"
  resolved "https://registry.npmmirror.com/undici-types/-/undici-types-6.19.8.tgz"
  integrity sha512-ve2KP6f/JnbPBFyobGHuerC9g1FYGn/F8n1LWTwNxCEzd6IfqTwUQcNXgEtmmQ6DlRrC1hrSrBnCZPokRrDHjw==

undici@^6.10.1:
  version "6.19.8"
  resolved "https://registry.npmmirror.com/undici/-/undici-6.19.8.tgz"
  integrity sha512-U8uCCl2x9TK3WANvmBavymRzxbfFYG+tAu+fgx3zxQy3qdagQqBLwJVrdyO1TBfUXvfKveMKJZhpvUYoOjM+4g==

unpipe@1.0.0:
  version "1.0.0"
  resolved "https://registry.npmmirror.com/unpipe/-/unpipe-1.0.0.tgz"
  integrity sha512-pjy2bYhSsufwWlKwPc+l3cN7+wuJlK6uz0YdJEOlQDbl6jo/YlPi4mb8agUkVC8BF7V8NuzeyPNqRksA3hztKQ==

util-deprecate@^1.0.1:
  version "1.0.2"
  resolved "https://registry.npmmirror.com/util-deprecate/-/util-deprecate-1.0.2.tgz"
  integrity sha512-EPD5q1uXyFxJpCrLnCc1nHnq3gOa6DZBocAIiI2TaSCA7VCJ1UJDMagCzIkXNsUYfD1daK//LTEQ8xiIbrHtcw==

vary@^1.1.2:
  version "1.1.2"
  resolved "https://registry.npmmirror.com/vary/-/vary-1.1.2.tgz"
  integrity sha512-BNGbWLfd0eUPabhkXUVm0j8uuvREyTh5ovRa/dyow/BqAbZJyC+5fU+IzQOzmAKzYqYRAISoRhdQr3eIZ/PXqg==

wrappy@1:
  version "1.0.2"
  resolved "https://registry.npmmirror.com/wrappy/-/wrappy-1.0.2.tgz"
  integrity sha512-l4Sp/DRseor9wL6EvV2+TuQn63dMkPjZ/sp9XkghTEbV9KlPS1xUsZ3u7/IQO4wxtcFB4bgpQPRcR3QCvezPcQ==

ws@^8.16.0:
  version "8.18.0"
  resolved "https://registry.npmmirror.com/ws/-/ws-8.18.0.tgz"
  integrity sha512-8VbfWfHLbbwu3+N6OKsOMpBdT4kXPDDB9cJk2bJ6mh9ucxdlnNvH1e+roYkKmN9Nxw2yjz7VzeO9oOz2zJ04Pw==

ylru@^1.2.0:
  version "1.4.0"
  resolved "https://registry.npmmirror.com/ylru/-/ylru-1.4.0.tgz"
  integrity sha512-2OQsPNEmBCvXuFlIni/a+Rn+R2pHW9INm0BxXJ4hVDA8TirqMj+J/Rp9ItLatT/5pZqWwefVrTQcHpixsxnVlA==

zod@^3.19.1:
  version "3.23.8"
  resolved "https://registry.npmmirror.com/zod/-/zod-3.23.8.tgz"
  integrity sha512-XBx9AXhXktjUqnepgTiE5flcKIYWi/rme0Eaj+5Y0lftuGBq+jyRu/md4WnuxqgP1ubdpNCsYEYPxrzVHD8d6g==
